
Microsoft Visual Studio Solution File, Format Version 12.00
# Visual Studio Version 16
VisualStudioVersion = 16.0.30011.22
MinimumVisualStudioVersion = 10.0.40219.1
Project("{FAE04EC0-301F-11D3-BF4B-00C04F79EFBC}") = "vize_final", "vize_final\vize_final.csproj", "{2304A756-AB1B-4EE9-AC04-F0ABEDBA18DB}"
EndProject
Global
	GlobalSection(SolutionConfigurationPlatforms) = preSolution
		Debug|Any CPU = Debug|Any CPU
		Release|Any CPU = Release|Any CPU
	EndGlobalSection
	GlobalSection(ProjectConfigurationPlatforms) = postSolution
		{2304A756-AB1B-4EE9-AC04-F0ABEDBA18DB}.Debug|Any CPU.ActiveCfg = Debug|Any CPU
		{2304A756-AB1B-4EE9-AC04-F0ABEDBA18DB}.Debug|Any CPU.Build.0 = Debug|Any CPU
		{2304A756-AB1B-4EE9-AC04-F0ABEDBA18DB}.Release|Any CPU.ActiveCfg = Release|Any CPU
		{2304A756-AB1B-4EE9-AC04-F0ABEDBA18DB}.Release|Any CPU.Build.0 = Release|Any CPU
	EndGlobalSection
	GlobalSection(SolutionProperties) = preSolution
		HideSolutionNode = FALSE
	EndGlobalSection
	GlobalSection(ExtensibilityGlobals) = postSolution
		SolutionGuid = {41EB3BD2-7E00-4B77-BEFD-C93AAFB5DF28}
	EndGlobalSection
EndGlobal
