
Microsoft Visual Studio Solution File, Format Version 12.00
# Visual Studio Version 16
VisualStudioVersion = 16.0.30413.136
MinimumVisualStudioVersion = 10.0.40219.1
Project("{FAE04EC0-301F-11D3-BF4B-00C04F79EFBC}") = "csharp_metot_ornek1", "csharp_metot_ornek1\csharp_metot_ornek1.csproj", "{4516D8B9-365C-4285-9143-69B5452037ED}"
EndProject
Global
	GlobalSection(SolutionConfigurationPlatforms) = preSolution
		Debug|Any CPU = Debug|Any CPU
		Release|Any CPU = Release|Any CPU
	EndGlobalSection
	GlobalSection(ProjectConfigurationPlatforms) = postSolution
		{4516D8B9-365C-4285-9143-69B5452037ED}.Debug|Any CPU.ActiveCfg = Debug|Any CPU
		{4516D8B9-365C-4285-9143-69B5452037ED}.Debug|Any CPU.Build.0 = Debug|Any CPU
		{4516D8B9-365C-4285-9143-69B5452037ED}.Release|Any CPU.ActiveCfg = Release|Any CPU
		{4516D8B9-365C-4285-9143-69B5452037ED}.Release|Any CPU.Build.0 = Release|Any CPU
	EndGlobalSection
	GlobalSection(SolutionProperties) = preSolution
		HideSolutionNode = FALSE
	EndGlobalSection
	GlobalSection(ExtensibilityGlobals) = postSolution
		SolutionGuid = {F90B1A26-9C32-4B19-AB55-A2F18C24330B}
	EndGlobalSection
EndGlobal
